
Microsoft Visual Studio Solution File, Format Version 12.00
# Visual Studio Version 17
VisualStudioVersion = 17.9.34622.214
MinimumVisualStudioVersion = 10.0.40219.1
Project("{9A19103F-16F7-4668-BE54-9A1E7A4F7556}") = "acme", "acme.csproj", "{4EAB4938-4CFE-4FD4-90ED-ACE056B4D196}"
EndProject
Global
	GlobalSection(SolutionConfigurationPlatforms) = preSolution
		Debug|Any CPU = Debug|Any CPU
		Release|Any CPU = Release|Any CPU
	EndGlobalSection
	GlobalSection(ProjectConfigurationPlatforms) = postSolution
		{4EAB4938-4CFE-4FD4-90ED-ACE056B4D196}.Debug|Any CPU.ActiveCfg = Debug|Any CPU
		{4EAB4938-4CFE-4FD4-90ED-ACE056B4D196}.Debug|Any CPU.Build.0 = Debug|Any CPU
		{4EAB4938-4CFE-4FD4-90ED-ACE056B4D196}.Release|Any CPU.ActiveCfg = Release|Any CPU
		{4EAB4938-4CFE-4FD4-90ED-ACE056B4D196}.Release|Any CPU.Build.0 = Release|Any CPU
	EndGlobalSection
	GlobalSection(SolutionProperties) = preSolution
		HideSolutionNode = FALSE
	EndGlobalSection
	GlobalSection(ExtensibilityGlobals) = postSolution
		SolutionGuid = {86146B6B-F808-4C2B-9131-02A6DC20FF17}
	EndGlobalSection
EndGlobal
